
Microsoft Visual Studio Solution File, Format Version 12.00
Project("{FAE04EC0-301F-11D3-BF4B-00C04F79EFBC}") = "ProductiveHoursTracker", "ProductiveHoursTracker.csproj", "{83567634-60AE-4FAF-848C-580D5D0A481F}"
EndProject
Global
	GlobalSection(SolutionConfigurationPlatforms) = preSolution
		Debug|Any CPU = Debug|Any CPU
		Release|Any CPU = Release|Any CPU
	EndGlobalSection
	GlobalSection(ProjectConfigurationPlatforms) = postSolution
		{83567634-60AE-4FAF-848C-580D5D0A481F}.Debug|Any CPU.ActiveCfg = Debug|Any CPU
		{83567634-60AE-4FAF-848C-580D5D0A481F}.Debug|Any CPU.Build.0 = Debug|Any CPU
		{83567634-60AE-4FAF-848C-580D5D0A481F}.Release|Any CPU.ActiveCfg = Release|Any CPU
		{83567634-60AE-4FAF-848C-580D5D0A481F}.Release|Any CPU.Build.0 = Release|Any CPU
	EndGlobalSection
EndGlobal
